
Microsoft Visual Studio Solution File, Format Version 12.00
# Visual Studio Version 16
VisualStudioVersion = 16.0.31321.278
MinimumVisualStudioVersion = 10.0.40219.1
Project("{8BC9CEB8-8B4A-11D0-8D11-00A0C91BC942}") = "c-ares", "third_party\c-ares\proj\c-ares.vcxproj", "{FB745E57-E7BC-4A48-AA56-F7883B9F66DA}"
EndProject
Project("{2150E333-8FDC-42A3-9474-1A3956D46DE8}") = "third_party", "third_party", "{F32130E5-9E42-4EE1-9F57-559003617EBA}"
EndProject
Project("{8BC9CEB8-8B4A-11D0-8D11-00A0C91BC942}") = "cryptopp", "third_party\cryptopp\proj\cryptopp.vcxproj", "{A10A8121-9C89-4AFA-ADFE-F59B2ADC5B4E}"
EndProject
Project("{8BC9CEB8-8B4A-11D0-8D11-00A0C91BC942}") = "jsoncpp", "third_party\jsoncpp\proj\jsoncpp.vcxproj", "{3EDB1680-F568-4E8C-8FEE-33A8EB4F0571}"
EndProject
Project("{8BC9CEB8-8B4A-11D0-8D11-00A0C91BC942}") = "libuv", "third_party\libuv\proj\libuv.vcxproj", "{9BB2D3DC-39F4-4A99-A40E-5A01D072784E}"
EndProject
Project("{8BC9CEB8-8B4A-11D0-8D11-00A0C91BC942}") = "pugixml", "third_party\pugixml\proj\pugixml.vcxproj", "{71EB8E03-B9AB-474E-947D-B4C52B6ABEAA}"
EndProject
Project("{8BC9CEB8-8B4A-11D0-8D11-00A0C91BC942}") = "zlib", "third_party\zlib\proj\zlib.vcxproj", "{A029C1F9-5447-4775-A61C-B0C8D5617266}"
EndProject
Project("{8BC9CEB8-8B4A-11D0-8D11-00A0C91BC942}") = "minizip", "third_party\minizip\proj\minizip.vcxproj", "{6411E183-104A-4405-8851-EBA653E6E496}"
	ProjectSection(ProjectDependencies) = postProject
		{A029C1F9-5447-4775-A61C-B0C8D5617266} = {A029C1F9-5447-4775-A61C-B0C8D5617266}
	EndProjectSection
EndProject
Project("{8BC9CEB8-8B4A-11D0-8D11-00A0C91BC942}") = "libcrypto", "third_party\openssl\proj\libcrypto.vcxproj", "{E6F7AFC9-ED6D-43BA-9A16-A1D2A3E4ACF7}"
	ProjectSection(ProjectDependencies) = postProject
		{A029C1F9-5447-4775-A61C-B0C8D5617266} = {A029C1F9-5447-4775-A61C-B0C8D5617266}
	EndProjectSection
EndProject
Project("{8BC9CEB8-8B4A-11D0-8D11-00A0C91BC942}") = "libssl", "third_party\openssl\proj\libssl.vcxproj", "{3C3F7E73-55CE-42FC-BBA2-D4E49EF82533}"
	ProjectSection(ProjectDependencies) = postProject
		{E6F7AFC9-ED6D-43BA-9A16-A1D2A3E4ACF7} = {E6F7AFC9-ED6D-43BA-9A16-A1D2A3E4ACF7}
	EndProjectSection
EndProject
Project("{8BC9CEB8-8B4A-11D0-8D11-00A0C91BC942}") = "curl", "third_party\curl\proj\curl.vcxproj", "{0765D09B-047F-477E-B0AA-471DA79F75D8}"
	ProjectSection(ProjectDependencies) = postProject
		{FB745E57-E7BC-4A48-AA56-F7883B9F66DA} = {FB745E57-E7BC-4A48-AA56-F7883B9F66DA}
		{3C3F7E73-55CE-42FC-BBA2-D4E49EF82533} = {3C3F7E73-55CE-42FC-BBA2-D4E49EF82533}
		{E6F7AFC9-ED6D-43BA-9A16-A1D2A3E4ACF7} = {E6F7AFC9-ED6D-43BA-9A16-A1D2A3E4ACF7}
		{A029C1F9-5447-4775-A61C-B0C8D5617266} = {A029C1F9-5447-4775-A61C-B0C8D5617266}
	EndProjectSection
EndProject
Project("{8BC9CEB8-8B4A-11D0-8D11-00A0C91BC942}") = "concurrentqueue", "third_party\concurrentqueue\proj\concurrentqueue.vcxproj", "{81C5C1A0-B4CC-47E4-9CAB-8AD00FECD3BC}"
EndProject
Project("{8BC9CEB8-8B4A-11D0-8D11-00A0C91BC942}") = "rxcpp", "third_party\rxcpp\proj\rxcpp.vcxproj", "{B5826943-A2CB-4FB7-A693-D7095E59E8AD}"
EndProject
Global
	GlobalSection(SolutionConfigurationPlatforms) = preSolution
		Debug|x64 = Debug|x64
		Debug|x86 = Debug|x86
		Release|x64 = Release|x64
		Release|x86 = Release|x86
	EndGlobalSection
	GlobalSection(ProjectConfigurationPlatforms) = postSolution
		{FB745E57-E7BC-4A48-AA56-F7883B9F66DA}.Debug|x64.ActiveCfg = Debug|x64
		{FB745E57-E7BC-4A48-AA56-F7883B9F66DA}.Debug|x64.Build.0 = Debug|x64
		{FB745E57-E7BC-4A48-AA56-F7883B9F66DA}.Debug|x86.ActiveCfg = Debug|Win32
		{FB745E57-E7BC-4A48-AA56-F7883B9F66DA}.Debug|x86.Build.0 = Debug|Win32
		{FB745E57-E7BC-4A48-AA56-F7883B9F66DA}.Release|x64.ActiveCfg = Release|x64
		{FB745E57-E7BC-4A48-AA56-F7883B9F66DA}.Release|x64.Build.0 = Release|x64
		{FB745E57-E7BC-4A48-AA56-F7883B9F66DA}.Release|x86.ActiveCfg = Release|Win32
		{FB745E57-E7BC-4A48-AA56-F7883B9F66DA}.Release|x86.Build.0 = Release|Win32
		{A10A8121-9C89-4AFA-ADFE-F59B2ADC5B4E}.Debug|x64.ActiveCfg = Debug|x64
		{A10A8121-9C89-4AFA-ADFE-F59B2ADC5B4E}.Debug|x64.Build.0 = Debug|x64
		{A10A8121-9C89-4AFA-ADFE-F59B2ADC5B4E}.Debug|x86.ActiveCfg = Debug|Win32
		{A10A8121-9C89-4AFA-ADFE-F59B2ADC5B4E}.Debug|x86.Build.0 = Debug|Win32
		{A10A8121-9C89-4AFA-ADFE-F59B2ADC5B4E}.Release|x64.ActiveCfg = Release|x64
		{A10A8121-9C89-4AFA-ADFE-F59B2ADC5B4E}.Release|x64.Build.0 = Release|x64
		{A10A8121-9C89-4AFA-ADFE-F59B2ADC5B4E}.Release|x86.ActiveCfg = Release|Win32
		{A10A8121-9C89-4AFA-ADFE-F59B2ADC5B4E}.Release|x86.Build.0 = Release|Win32
		{3EDB1680-F568-4E8C-8FEE-33A8EB4F0571}.Debug|x64.ActiveCfg = Debug|x64
		{3EDB1680-F568-4E8C-8FEE-33A8EB4F0571}.Debug|x64.Build.0 = Debug|x64
		{3EDB1680-F568-4E8C-8FEE-33A8EB4F0571}.Debug|x86.ActiveCfg = Debug|Win32
		{3EDB1680-F568-4E8C-8FEE-33A8EB4F0571}.Debug|x86.Build.0 = Debug|Win32
		{3EDB1680-F568-4E8C-8FEE-33A8EB4F0571}.Release|x64.ActiveCfg = Release|x64
		{3EDB1680-F568-4E8C-8FEE-33A8EB4F0571}.Release|x64.Build.0 = Release|x64
		{3EDB1680-F568-4E8C-8FEE-33A8EB4F0571}.Release|x86.ActiveCfg = Release|Win32
		{3EDB1680-F568-4E8C-8FEE-33A8EB4F0571}.Release|x86.Build.0 = Release|Win32
		{9BB2D3DC-39F4-4A99-A40E-5A01D072784E}.Debug|x64.ActiveCfg = Debug|x64
		{9BB2D3DC-39F4-4A99-A40E-5A01D072784E}.Debug|x64.Build.0 = Debug|x64
		{9BB2D3DC-39F4-4A99-A40E-5A01D072784E}.Debug|x86.ActiveCfg = Debug|Win32
		{9BB2D3DC-39F4-4A99-A40E-5A01D072784E}.Debug|x86.Build.0 = Debug|Win32
		{9BB2D3DC-39F4-4A99-A40E-5A01D072784E}.Release|x64.ActiveCfg = Release|x64
		{9BB2D3DC-39F4-4A99-A40E-5A01D072784E}.Release|x64.Build.0 = Release|x64
		{9BB2D3DC-39F4-4A99-A40E-5A01D072784E}.Release|x86.ActiveCfg = Release|Win32
		{9BB2D3DC-39F4-4A99-A40E-5A01D072784E}.Release|x86.Build.0 = Release|Win32
		{71EB8E03-B9AB-474E-947D-B4C52B6ABEAA}.Debug|x64.ActiveCfg = Debug|x64
		{71EB8E03-B9AB-474E-947D-B4C52B6ABEAA}.Debug|x64.Build.0 = Debug|x64
		{71EB8E03-B9AB-474E-947D-B4C52B6ABEAA}.Debug|x86.ActiveCfg = Debug|Win32
		{71EB8E03-B9AB-474E-947D-B4C52B6ABEAA}.Debug|x86.Build.0 = Debug|Win32
		{71EB8E03-B9AB-474E-947D-B4C52B6ABEAA}.Release|x64.ActiveCfg = Release|x64
		{71EB8E03-B9AB-474E-947D-B4C52B6ABEAA}.Release|x64.Build.0 = Release|x64
		{71EB8E03-B9AB-474E-947D-B4C52B6ABEAA}.Release|x86.ActiveCfg = Release|Win32
		{71EB8E03-B9AB-474E-947D-B4C52B6ABEAA}.Release|x86.Build.0 = Release|Win32
		{A029C1F9-5447-4775-A61C-B0C8D5617266}.Debug|x64.ActiveCfg = Debug|x64
		{A029C1F9-5447-4775-A61C-B0C8D5617266}.Debug|x64.Build.0 = Debug|x64
		{A029C1F9-5447-4775-A61C-B0C8D5617266}.Debug|x86.ActiveCfg = Debug|Win32
		{A029C1F9-5447-4775-A61C-B0C8D5617266}.Debug|x86.Build.0 = Debug|Win32
		{A029C1F9-5447-4775-A61C-B0C8D5617266}.Release|x64.ActiveCfg = Release|x64
		{A029C1F9-5447-4775-A61C-B0C8D5617266}.Release|x64.Build.0 = Release|x64
		{A029C1F9-5447-4775-A61C-B0C8D5617266}.Release|x86.ActiveCfg = Release|Win32
		{A029C1F9-5447-4775-A61C-B0C8D5617266}.Release|x86.Build.0 = Release|Win32
		{6411E183-104A-4405-8851-EBA653E6E496}.Debug|x64.ActiveCfg = Debug|x64
		{6411E183-104A-4405-8851-EBA653E6E496}.Debug|x64.Build.0 = Debug|x64
		{6411E183-104A-4405-8851-EBA653E6E496}.Debug|x86.ActiveCfg = Debug|Win32
		{6411E183-104A-4405-8851-EBA653E6E496}.Debug|x86.Build.0 = Debug|Win32
		{6411E183-104A-4405-8851-EBA653E6E496}.Release|x64.ActiveCfg = Release|x64
		{6411E183-104A-4405-8851-EBA653E6E496}.Release|x64.Build.0 = Release|x64
		{6411E183-104A-4405-8851-EBA653E6E496}.Release|x86.ActiveCfg = Release|Win32
		{6411E183-104A-4405-8851-EBA653E6E496}.Release|x86.Build.0 = Release|Win32
		{E6F7AFC9-ED6D-43BA-9A16-A1D2A3E4ACF7}.Debug|x64.ActiveCfg = Debug|x64
		{E6F7AFC9-ED6D-43BA-9A16-A1D2A3E4ACF7}.Debug|x64.Build.0 = Debug|x64
		{E6F7AFC9-ED6D-43BA-9A16-A1D2A3E4ACF7}.Debug|x86.ActiveCfg = Debug|Win32
		{E6F7AFC9-ED6D-43BA-9A16-A1D2A3E4ACF7}.Debug|x86.Build.0 = Debug|Win32
		{E6F7AFC9-ED6D-43BA-9A16-A1D2A3E4ACF7}.Release|x64.ActiveCfg = Release|x64
		{E6F7AFC9-ED6D-43BA-9A16-A1D2A3E4ACF7}.Release|x64.Build.0 = Release|x64
		{E6F7AFC9-ED6D-43BA-9A16-A1D2A3E4ACF7}.Release|x86.ActiveCfg = Release|Win32
		{E6F7AFC9-ED6D-43BA-9A16-A1D2A3E4ACF7}.Release|x86.Build.0 = Release|Win32
		{3C3F7E73-55CE-42FC-BBA2-D4E49EF82533}.Debug|x64.ActiveCfg = Debug|x64
		{3C3F7E73-55CE-42FC-BBA2-D4E49EF82533}.Debug|x64.Build.0 = Debug|x64
		{3C3F7E73-55CE-42FC-BBA2-D4E49EF82533}.Debug|x86.ActiveCfg = Debug|Win32
		{3C3F7E73-55CE-42FC-BBA2-D4E49EF82533}.Debug|x86.Build.0 = Debug|Win32
		{3C3F7E73-55CE-42FC-BBA2-D4E49EF82533}.Release|x64.ActiveCfg = Release|x64
		{3C3F7E73-55CE-42FC-BBA2-D4E49EF82533}.Release|x64.Build.0 = Release|x64
		{3C3F7E73-55CE-42FC-BBA2-D4E49EF82533}.Release|x86.ActiveCfg = Release|Win32
		{3C3F7E73-55CE-42FC-BBA2-D4E49EF82533}.Release|x86.Build.0 = Release|Win32
		{0765D09B-047F-477E-B0AA-471DA79F75D8}.Debug|x64.ActiveCfg = Debug|x64
		{0765D09B-047F-477E-B0AA-471DA79F75D8}.Debug|x64.Build.0 = Debug|x64
		{0765D09B-047F-477E-B0AA-471DA79F75D8}.Debug|x86.ActiveCfg = Debug|Win32
		{0765D09B-047F-477E-B0AA-471DA79F75D8}.Debug|x86.Build.0 = Debug|Win32
		{0765D09B-047F-477E-B0AA-471DA79F75D8}.Release|x64.ActiveCfg = Release|x64
		{0765D09B-047F-477E-B0AA-471DA79F75D8}.Release|x64.Build.0 = Release|x64
		{0765D09B-047F-477E-B0AA-471DA79F75D8}.Release|x86.ActiveCfg = Release|Win32
		{0765D09B-047F-477E-B0AA-471DA79F75D8}.Release|x86.Build.0 = Release|Win32
		{81C5C1A0-B4CC-47E4-9CAB-8AD00FECD3BC}.Debug|x64.ActiveCfg = Debug|x64
		{81C5C1A0-B4CC-47E4-9CAB-8AD00FECD3BC}.Debug|x64.Build.0 = Debug|x64
		{81C5C1A0-B4CC-47E4-9CAB-8AD00FECD3BC}.Debug|x86.ActiveCfg = Debug|Win32
		{81C5C1A0-B4CC-47E4-9CAB-8AD00FECD3BC}.Debug|x86.Build.0 = Debug|Win32
		{81C5C1A0-B4CC-47E4-9CAB-8AD00FECD3BC}.Release|x64.ActiveCfg = Release|x64
		{81C5C1A0-B4CC-47E4-9CAB-8AD00FECD3BC}.Release|x64.Build.0 = Release|x64
		{81C5C1A0-B4CC-47E4-9CAB-8AD00FECD3BC}.Release|x86.ActiveCfg = Release|Win32
		{81C5C1A0-B4CC-47E4-9CAB-8AD00FECD3BC}.Release|x86.Build.0 = Release|Win32
		{B5826943-A2CB-4FB7-A693-D7095E59E8AD}.Debug|x64.ActiveCfg = Debug|x64
		{B5826943-A2CB-4FB7-A693-D7095E59E8AD}.Debug|x64.Build.0 = Debug|x64
		{B5826943-A2CB-4FB7-A693-D7095E59E8AD}.Debug|x86.ActiveCfg = Debug|Win32
		{B5826943-A2CB-4FB7-A693-D7095E59E8AD}.Debug|x86.Build.0 = Debug|Win32
		{B5826943-A2CB-4FB7-A693-D7095E59E8AD}.Release|x64.ActiveCfg = Release|x64
		{B5826943-A2CB-4FB7-A693-D7095E59E8AD}.Release|x64.Build.0 = Release|x64
		{B5826943-A2CB-4FB7-A693-D7095E59E8AD}.Release|x86.ActiveCfg = Release|Win32
		{B5826943-A2CB-4FB7-A693-D7095E59E8AD}.Release|x86.Build.0 = Release|Win32
	EndGlobalSection
	GlobalSection(SolutionProperties) = preSolution
		HideSolutionNode = FALSE
	EndGlobalSection
	GlobalSection(NestedProjects) = preSolution
		{FB745E57-E7BC-4A48-AA56-F7883B9F66DA} = {F32130E5-9E42-4EE1-9F57-559003617EBA}
		{A10A8121-9C89-4AFA-ADFE-F59B2ADC5B4E} = {F32130E5-9E42-4EE1-9F57-559003617EBA}
		{3EDB1680-F568-4E8C-8FEE-33A8EB4F0571} = {F32130E5-9E42-4EE1-9F57-559003617EBA}
		{9BB2D3DC-39F4-4A99-A40E-5A01D072784E} = {F32130E5-9E42-4EE1-9F57-559003617EBA}
		{71EB8E03-B9AB-474E-947D-B4C52B6ABEAA} = {F32130E5-9E42-4EE1-9F57-559003617EBA}
		{A029C1F9-5447-4775-A61C-B0C8D5617266} = {F32130E5-9E42-4EE1-9F57-559003617EBA}
		{6411E183-104A-4405-8851-EBA653E6E496} = {F32130E5-9E42-4EE1-9F57-559003617EBA}
		{E6F7AFC9-ED6D-43BA-9A16-A1D2A3E4ACF7} = {F32130E5-9E42-4EE1-9F57-559003617EBA}
		{3C3F7E73-55CE-42FC-BBA2-D4E49EF82533} = {F32130E5-9E42-4EE1-9F57-559003617EBA}
		{0765D09B-047F-477E-B0AA-471DA79F75D8} = {F32130E5-9E42-4EE1-9F57-559003617EBA}
		{81C5C1A0-B4CC-47E4-9CAB-8AD00FECD3BC} = {F32130E5-9E42-4EE1-9F57-559003617EBA}
		{B5826943-A2CB-4FB7-A693-D7095E59E8AD} = {F32130E5-9E42-4EE1-9F57-559003617EBA}
	EndGlobalSection
	GlobalSection(ExtensibilityGlobals) = postSolution
		SolutionGuid = {F628DC5C-F850-4904-B943-74DE0FA6FC7B}
	EndGlobalSection
EndGlobal
